
Microsoft Visual Studio Solution File, Format Version 12.00
# Visual Studio 2013
VisualStudioVersion = 12.0.21005.1
MinimumVisualStudioVersion = 10.0.40219.1
Project("{FAE04EC0-301F-11D3-BF4B-00C04F79EFBC}") = "HelpWeb", "HelpWeb\HelpWeb.csproj", "{D4D434B0-E230-47E1-90B5-4081FD31957F}"
EndProject
Project("{FAE04EC0-301F-11D3-BF4B-00C04F79EFBC}") = "Help.ServiceRoute.Business", "Help.ServiceRoute.Business\Help.ServiceRoute.Business.csproj", "{B5621836-EA1B-45CE-BF7E-8854FA62A4BB}"
EndProject
Project("{FAE04EC0-301F-11D3-BF4B-00C04F79EFBC}") = "Help.Common.ViewModel", "Help.Common.ViewModel\Help.Common.ViewModel.csproj", "{81D876F8-C007-4ABE-A508-992B76DA0C69}"
EndProject
Project("{FAE04EC0-301F-11D3-BF4B-00C04F79EFBC}") = "Help.Common.IDAL", "Help.Common.IDAL\Help.Common.IDAL.csproj", "{83BCEA29-B547-40B4-A6D1-68A99B5665D7}"
EndProject
Project("{FAE04EC0-301F-11D3-BF4B-00C04F79EFBC}") = "Help.Common.APIDAL", "Help.Common.APIDAL\Help.Common.APIDAL.csproj", "{358FBFB5-36EA-4C52-9B41-4547C52843BA}"
EndProject
Project("{FAE04EC0-301F-11D3-BF4B-00C04F79EFBC}") = "Help.Common.Factory", "Help.Common.Factory\Help.Common.Factory.csproj", "{F6BE98B9-84AB-4D70-9ED5-669AF1EE4ED0}"
EndProject
Project("{FAE04EC0-301F-11D3-BF4B-00C04F79EFBC}") = "Help.Common.APIModel", "Help.Common.APIModel\Help.Common.APIModel.csproj", "{B18CBEA3-0F33-417E-99F8-CBA645EBD573}"
EndProject
Project("{FAE04EC0-301F-11D3-BF4B-00C04F79EFBC}") = "Help.Common.Util", "Help.Common.Util\Help.Common.Util.csproj", "{B135509F-33EB-466F-9FDE-919DCE331F06}"
EndProject
Project("{FAE04EC0-301F-11D3-BF4B-00C04F79EFBC}") = "Help.Common.Base", "Help.Common.Base\Help.Common.Base.csproj", "{0B67C947-4B9A-44A3-A542-5D28B892B054}"
EndProject
Project("{FAE04EC0-301F-11D3-BF4B-00C04F79EFBC}") = "TestMain", "TestMain\TestMain.csproj", "{D588326A-D71D-4729-8CAD-5AF33BDF4715}"
EndProject
Project("{2150E333-8FDC-42A3-9474-1A3956D46DE8}") = "Service", "Service", "{B2087B92-D55C-4497-8405-1BF1CE8201C6}"
EndProject
Project("{2150E333-8FDC-42A3-9474-1A3956D46DE8}") = "Component", "Component", "{0CEA0464-D4B4-47FE-8775-E2E4308AA8C3}"
EndProject
Project("{FAE04EC0-301F-11D3-BF4B-00C04F79EFBC}") = "Help.Component.DataBase", "Help.Component.DataBase\Help.Component.DataBase.csproj", "{11C0621E-77C7-443C-B588-BD33B578510E}"
EndProject
Project("{2150E333-8FDC-42A3-9474-1A3956D46DE8}") = "DBAccessLayer", "DBAccessLayer", "{5A9C7006-5936-4BD1-B022-F9AA04832439}"
EndProject
Project("{FAE04EC0-301F-11D3-BF4B-00C04F79EFBC}") = "Help.DBAccessLayer.DB2DAL", "Help.DBAccessLayer.DB2DAL\Help.DBAccessLayer.DB2DAL.csproj", "{7B7E2B82-EA9D-4F4F-A979-D2881CD55175}"
EndProject
Project("{FAE04EC0-301F-11D3-BF4B-00C04F79EFBC}") = "Help.DBAccessLayer.IDAL", "Help.DBAccessLayer.IDAL\Help.DBAccessLayer.IDAL.csproj", "{4833D0E7-5516-4793-BEDC-836F2CCE6589}"
EndProject
Project("{FAE04EC0-301F-11D3-BF4B-00C04F79EFBC}") = "Help.DBAccessLayer.Factory", "Help.DBAccessLayer.Factory\Help.DBAccessLayer.Factory.csproj", "{56070205-2B64-40BA-8BAC-06147C6B8D7C}"
EndProject
Project("{FAE04EC0-301F-11D3-BF4B-00C04F79EFBC}") = "Help.DBAccessLayer.Model", "Help.DBAccessLayer.Model\Help.DBAccessLayer.Model.csproj", "{739A4717-4144-49D6-AEBE-CF7E428E548B}"
EndProject
Project("{FAE04EC0-301F-11D3-BF4B-00C04F79EFBC}") = "Help.DBAccessLayer.Business", "Help.DBAccessLayer.Business\Help.DBAccessLayer.Business.csproj", "{251D9501-872B-428D-B815-DA756A43A087}"
EndProject
Global
	GlobalSection(SolutionConfigurationPlatforms) = preSolution
		Debug|Any CPU = Debug|Any CPU
		Release|Any CPU = Release|Any CPU
	EndGlobalSection
	GlobalSection(ProjectConfigurationPlatforms) = postSolution
		{D4D434B0-E230-47E1-90B5-4081FD31957F}.Debug|Any CPU.ActiveCfg = Debug|Any CPU
		{D4D434B0-E230-47E1-90B5-4081FD31957F}.Debug|Any CPU.Build.0 = Debug|Any CPU
		{D4D434B0-E230-47E1-90B5-4081FD31957F}.Release|Any CPU.ActiveCfg = Release|Any CPU
		{D4D434B0-E230-47E1-90B5-4081FD31957F}.Release|Any CPU.Build.0 = Release|Any CPU
		{B5621836-EA1B-45CE-BF7E-8854FA62A4BB}.Debug|Any CPU.ActiveCfg = Debug|Any CPU
		{B5621836-EA1B-45CE-BF7E-8854FA62A4BB}.Debug|Any CPU.Build.0 = Debug|Any CPU
		{B5621836-EA1B-45CE-BF7E-8854FA62A4BB}.Release|Any CPU.ActiveCfg = Release|Any CPU
		{B5621836-EA1B-45CE-BF7E-8854FA62A4BB}.Release|Any CPU.Build.0 = Release|Any CPU
		{81D876F8-C007-4ABE-A508-992B76DA0C69}.Debug|Any CPU.ActiveCfg = Debug|Any CPU
		{81D876F8-C007-4ABE-A508-992B76DA0C69}.Debug|Any CPU.Build.0 = Debug|Any CPU
		{81D876F8-C007-4ABE-A508-992B76DA0C69}.Release|Any CPU.ActiveCfg = Release|Any CPU
		{81D876F8-C007-4ABE-A508-992B76DA0C69}.Release|Any CPU.Build.0 = Release|Any CPU
		{83BCEA29-B547-40B4-A6D1-68A99B5665D7}.Debug|Any CPU.ActiveCfg = Debug|Any CPU
		{83BCEA29-B547-40B4-A6D1-68A99B5665D7}.Debug|Any CPU.Build.0 = Debug|Any CPU
		{83BCEA29-B547-40B4-A6D1-68A99B5665D7}.Release|Any CPU.ActiveCfg = Release|Any CPU
		{83BCEA29-B547-40B4-A6D1-68A99B5665D7}.Release|Any CPU.Build.0 = Release|Any CPU
		{358FBFB5-36EA-4C52-9B41-4547C52843BA}.Debug|Any CPU.ActiveCfg = Debug|Any CPU
		{358FBFB5-36EA-4C52-9B41-4547C52843BA}.Debug|Any CPU.Build.0 = Debug|Any CPU
		{358FBFB5-36EA-4C52-9B41-4547C52843BA}.Release|Any CPU.ActiveCfg = Release|Any CPU
		{358FBFB5-36EA-4C52-9B41-4547C52843BA}.Release|Any CPU.Build.0 = Release|Any CPU
		{F6BE98B9-84AB-4D70-9ED5-669AF1EE4ED0}.Debug|Any CPU.ActiveCfg = Debug|Any CPU
		{F6BE98B9-84AB-4D70-9ED5-669AF1EE4ED0}.Debug|Any CPU.Build.0 = Debug|Any CPU
		{F6BE98B9-84AB-4D70-9ED5-669AF1EE4ED0}.Release|Any CPU.ActiveCfg = Release|Any CPU
		{F6BE98B9-84AB-4D70-9ED5-669AF1EE4ED0}.Release|Any CPU.Build.0 = Release|Any CPU
		{B18CBEA3-0F33-417E-99F8-CBA645EBD573}.Debug|Any CPU.ActiveCfg = Debug|Any CPU
		{B18CBEA3-0F33-417E-99F8-CBA645EBD573}.Debug|Any CPU.Build.0 = Debug|Any CPU
		{B18CBEA3-0F33-417E-99F8-CBA645EBD573}.Release|Any CPU.ActiveCfg = Release|Any CPU
		{B18CBEA3-0F33-417E-99F8-CBA645EBD573}.Release|Any CPU.Build.0 = Release|Any CPU
		{B135509F-33EB-466F-9FDE-919DCE331F06}.Debug|Any CPU.ActiveCfg = Debug|Any CPU
		{B135509F-33EB-466F-9FDE-919DCE331F06}.Debug|Any CPU.Build.0 = Debug|Any CPU
		{B135509F-33EB-466F-9FDE-919DCE331F06}.Release|Any CPU.ActiveCfg = Release|Any CPU
		{B135509F-33EB-466F-9FDE-919DCE331F06}.Release|Any CPU.Build.0 = Release|Any CPU
		{0B67C947-4B9A-44A3-A542-5D28B892B054}.Debug|Any CPU.ActiveCfg = Debug|Any CPU
		{0B67C947-4B9A-44A3-A542-5D28B892B054}.Debug|Any CPU.Build.0 = Debug|Any CPU
		{0B67C947-4B9A-44A3-A542-5D28B892B054}.Release|Any CPU.ActiveCfg = Release|Any CPU
		{0B67C947-4B9A-44A3-A542-5D28B892B054}.Release|Any CPU.Build.0 = Release|Any CPU
		{D588326A-D71D-4729-8CAD-5AF33BDF4715}.Debug|Any CPU.ActiveCfg = Debug|Any CPU
		{D588326A-D71D-4729-8CAD-5AF33BDF4715}.Debug|Any CPU.Build.0 = Debug|Any CPU
		{D588326A-D71D-4729-8CAD-5AF33BDF4715}.Release|Any CPU.ActiveCfg = Release|Any CPU
		{D588326A-D71D-4729-8CAD-5AF33BDF4715}.Release|Any CPU.Build.0 = Release|Any CPU
		{11C0621E-77C7-443C-B588-BD33B578510E}.Debug|Any CPU.ActiveCfg = Debug|Any CPU
		{11C0621E-77C7-443C-B588-BD33B578510E}.Debug|Any CPU.Build.0 = Debug|Any CPU
		{11C0621E-77C7-443C-B588-BD33B578510E}.Release|Any CPU.ActiveCfg = Release|Any CPU
		{11C0621E-77C7-443C-B588-BD33B578510E}.Release|Any CPU.Build.0 = Release|Any CPU
		{7B7E2B82-EA9D-4F4F-A979-D2881CD55175}.Debug|Any CPU.ActiveCfg = Debug|Any CPU
		{7B7E2B82-EA9D-4F4F-A979-D2881CD55175}.Debug|Any CPU.Build.0 = Debug|Any CPU
		{7B7E2B82-EA9D-4F4F-A979-D2881CD55175}.Release|Any CPU.ActiveCfg = Release|Any CPU
		{7B7E2B82-EA9D-4F4F-A979-D2881CD55175}.Release|Any CPU.Build.0 = Release|Any CPU
		{4833D0E7-5516-4793-BEDC-836F2CCE6589}.Debug|Any CPU.ActiveCfg = Debug|Any CPU
		{4833D0E7-5516-4793-BEDC-836F2CCE6589}.Debug|Any CPU.Build.0 = Debug|Any CPU
		{4833D0E7-5516-4793-BEDC-836F2CCE6589}.Release|Any CPU.ActiveCfg = Release|Any CPU
		{4833D0E7-5516-4793-BEDC-836F2CCE6589}.Release|Any CPU.Build.0 = Release|Any CPU
		{56070205-2B64-40BA-8BAC-06147C6B8D7C}.Debug|Any CPU.ActiveCfg = Debug|Any CPU
		{56070205-2B64-40BA-8BAC-06147C6B8D7C}.Debug|Any CPU.Build.0 = Debug|Any CPU
		{56070205-2B64-40BA-8BAC-06147C6B8D7C}.Release|Any CPU.ActiveCfg = Release|Any CPU
		{56070205-2B64-40BA-8BAC-06147C6B8D7C}.Release|Any CPU.Build.0 = Release|Any CPU
		{739A4717-4144-49D6-AEBE-CF7E428E548B}.Debug|Any CPU.ActiveCfg = Debug|Any CPU
		{739A4717-4144-49D6-AEBE-CF7E428E548B}.Debug|Any CPU.Build.0 = Debug|Any CPU
		{739A4717-4144-49D6-AEBE-CF7E428E548B}.Release|Any CPU.ActiveCfg = Release|Any CPU
		{739A4717-4144-49D6-AEBE-CF7E428E548B}.Release|Any CPU.Build.0 = Release|Any CPU
		{251D9501-872B-428D-B815-DA756A43A087}.Debug|Any CPU.ActiveCfg = Debug|Any CPU
		{251D9501-872B-428D-B815-DA756A43A087}.Debug|Any CPU.Build.0 = Debug|Any CPU
		{251D9501-872B-428D-B815-DA756A43A087}.Release|Any CPU.ActiveCfg = Release|Any CPU
		{251D9501-872B-428D-B815-DA756A43A087}.Release|Any CPU.Build.0 = Release|Any CPU
	EndGlobalSection
	GlobalSection(SolutionProperties) = preSolution
		HideSolutionNode = FALSE
	EndGlobalSection
	GlobalSection(NestedProjects) = preSolution
		{358FBFB5-36EA-4C52-9B41-4547C52843BA} = {B2087B92-D55C-4497-8405-1BF1CE8201C6}
		{F6BE98B9-84AB-4D70-9ED5-669AF1EE4ED0} = {B2087B92-D55C-4497-8405-1BF1CE8201C6}
		{B18CBEA3-0F33-417E-99F8-CBA645EBD573} = {B2087B92-D55C-4497-8405-1BF1CE8201C6}
		{83BCEA29-B547-40B4-A6D1-68A99B5665D7} = {B2087B92-D55C-4497-8405-1BF1CE8201C6}
		{B135509F-33EB-466F-9FDE-919DCE331F06} = {0CEA0464-D4B4-47FE-8775-E2E4308AA8C3}
		{11C0621E-77C7-443C-B588-BD33B578510E} = {0CEA0464-D4B4-47FE-8775-E2E4308AA8C3}
		{7B7E2B82-EA9D-4F4F-A979-D2881CD55175} = {5A9C7006-5936-4BD1-B022-F9AA04832439}
		{4833D0E7-5516-4793-BEDC-836F2CCE6589} = {5A9C7006-5936-4BD1-B022-F9AA04832439}
		{56070205-2B64-40BA-8BAC-06147C6B8D7C} = {5A9C7006-5936-4BD1-B022-F9AA04832439}
		{739A4717-4144-49D6-AEBE-CF7E428E548B} = {5A9C7006-5936-4BD1-B022-F9AA04832439}
		{251D9501-872B-428D-B815-DA756A43A087} = {5A9C7006-5936-4BD1-B022-F9AA04832439}
	EndGlobalSection
EndGlobal
